
Microsoft Visual Studio Solution File, Format Version 12.00
# Visual Studio Express 2012 for Windows Desktop
Project("{2150E333-8FDC-42A3-9474-1A3956D46DE8}") = "Solution Items", "Solution Items", "{0762D3C8-AAD4-4EF3-AF00-F2A2B0AD964D}"
	ProjectSection(SolutionItems) = preProject
		build.bat = build.bat
		changelog.txt = changelog.txt
		COPYING = COPYING
		gzip.exe = gzip.exe
		readme.txt = readme.txt
		resources.txt = resources.txt
		sprites.txt = sprites.txt
		tar.exe = tar.exe
		text.txt = text.txt
	EndProjectSection
EndProject
Project("{2150E333-8FDC-42A3-9474-1A3956D46DE8}") = "fftpspext", "fftpspext", "{47407AA1-56F3-4400-942F-645239D286DD}"
	ProjectSection(SolutionItems) = preProject
		fftpspext\fftpspext.c = fftpspext\fftpspext.c
	EndProjectSection
EndProject
Project("{FAE04EC0-301F-11D3-BF4B-00C04F79EFBC}") = "FFTPatcher", "FFTPatcher.csproj", "{48BE23D0-2943-44EF-A3A6-8537D7695B37}"
EndProject
Project("{FAE04EC0-301F-11D3-BF4B-00C04F79EFBC}") = "ShishiSpriteEditor", "ShishiSpriteEditor\ShishiSpriteEditor.csproj", "{4017D65D-C72B-491E-B263-E12DB6537382}"
EndProject
Project("{FAE04EC0-301F-11D3-BF4B-00C04F79EFBC}") = "FFTactext", "FFTactext\FFTactext.csproj", "{210DDF20-2CEA-4A2C-B2C6-D2EB7938BEB2}"
EndProject
Project("{FAE04EC0-301F-11D3-BF4B-00C04F79EFBC}") = "PatcherLib", "PatcherLib\PatcherLib.csproj", "{BB7322AD-75D3-44AF-A0BF-76015C53998F}"
EndProject
Project("{FAE04EC0-301F-11D3-BF4B-00C04F79EFBC}") = "PatcherLib.Resources", "PatcherLib.Resources\PatcherLib.Resources.csproj", "{E8B981CB-2A97-4901-9A04-E6E5D369F471}"
EndProject
Project("{FAE04EC0-301F-11D3-BF4B-00C04F79EFBC}") = "FFTorgASM", "FFTorgASM\FFTorgASM.csproj", "{2176002F-BDE2-491A-9502-110275008F42}"
EndProject
Project("{FAE04EC0-301F-11D3-BF4B-00C04F79EFBC}") = "ASMEncoding", "ASMEncoding\ASMEncoding.csproj", "{4AB43571-545C-4F80-AFF1-F6E43DE31F47}"
EndProject
Project("{FAE04EC0-301F-11D3-BF4B-00C04F79EFBC}") = "MassHexASM", "MassHexASM\MassHexASM.csproj", "{63CE41D1-0632-461C-9C53-BF60F2493D58}"
EndProject
Project("{FAE04EC0-301F-11D3-BF4B-00C04F79EFBC}") = "EntryEdit", "EntryEdit\EntryEdit.csproj", "{68485EC9-CC36-4C05-A50C-EAED8C8D0C6E}"
EndProject
Global
	GlobalSection(SolutionConfigurationPlatforms) = preSolution
		Debug|Any CPU = Debug|Any CPU
		Debug|Mixed Platforms = Debug|Mixed Platforms
		Debug|x86 = Debug|x86
		Release|Any CPU = Release|Any CPU
		Release|Mixed Platforms = Release|Mixed Platforms
		Release|x86 = Release|x86
	EndGlobalSection
	GlobalSection(ProjectConfigurationPlatforms) = postSolution
		{48BE23D0-2943-44EF-A3A6-8537D7695B37}.Debug|Any CPU.ActiveCfg = Debug|x86
		{48BE23D0-2943-44EF-A3A6-8537D7695B37}.Debug|Any CPU.Build.0 = Debug|x86
		{48BE23D0-2943-44EF-A3A6-8537D7695B37}.Debug|Mixed Platforms.ActiveCfg = Debug|x86
		{48BE23D0-2943-44EF-A3A6-8537D7695B37}.Debug|Mixed Platforms.Build.0 = Debug|x86
		{48BE23D0-2943-44EF-A3A6-8537D7695B37}.Debug|x86.ActiveCfg = Debug|x86
		{48BE23D0-2943-44EF-A3A6-8537D7695B37}.Debug|x86.Build.0 = Debug|x86
		{48BE23D0-2943-44EF-A3A6-8537D7695B37}.Release|Any CPU.ActiveCfg = Release|x86
		{48BE23D0-2943-44EF-A3A6-8537D7695B37}.Release|Any CPU.Build.0 = Release|x86
		{48BE23D0-2943-44EF-A3A6-8537D7695B37}.Release|Mixed Platforms.ActiveCfg = Release|x86
		{48BE23D0-2943-44EF-A3A6-8537D7695B37}.Release|Mixed Platforms.Build.0 = Release|x86
		{48BE23D0-2943-44EF-A3A6-8537D7695B37}.Release|x86.ActiveCfg = Release|x86
		{48BE23D0-2943-44EF-A3A6-8537D7695B37}.Release|x86.Build.0 = Release|x86
		{4017D65D-C72B-491E-B263-E12DB6537382}.Debug|Any CPU.ActiveCfg = Debug|x86
		{4017D65D-C72B-491E-B263-E12DB6537382}.Debug|Any CPU.Build.0 = Debug|x86
		{4017D65D-C72B-491E-B263-E12DB6537382}.Debug|Mixed Platforms.ActiveCfg = Debug|x86
		{4017D65D-C72B-491E-B263-E12DB6537382}.Debug|Mixed Platforms.Build.0 = Debug|x86
		{4017D65D-C72B-491E-B263-E12DB6537382}.Debug|x86.ActiveCfg = Debug|x86
		{4017D65D-C72B-491E-B263-E12DB6537382}.Debug|x86.Build.0 = Debug|x86
		{4017D65D-C72B-491E-B263-E12DB6537382}.Release|Any CPU.ActiveCfg = Release|x86
		{4017D65D-C72B-491E-B263-E12DB6537382}.Release|Any CPU.Build.0 = Release|x86
		{4017D65D-C72B-491E-B263-E12DB6537382}.Release|Mixed Platforms.ActiveCfg = Release|x86
		{4017D65D-C72B-491E-B263-E12DB6537382}.Release|Mixed Platforms.Build.0 = Release|x86
		{4017D65D-C72B-491E-B263-E12DB6537382}.Release|x86.ActiveCfg = Release|x86
		{4017D65D-C72B-491E-B263-E12DB6537382}.Release|x86.Build.0 = Release|x86
		{210DDF20-2CEA-4A2C-B2C6-D2EB7938BEB2}.Debug|Any CPU.ActiveCfg = Debug|x86
		{210DDF20-2CEA-4A2C-B2C6-D2EB7938BEB2}.Debug|Any CPU.Build.0 = Debug|x86
		{210DDF20-2CEA-4A2C-B2C6-D2EB7938BEB2}.Debug|Mixed Platforms.ActiveCfg = Debug|x86
		{210DDF20-2CEA-4A2C-B2C6-D2EB7938BEB2}.Debug|Mixed Platforms.Build.0 = Debug|x86
		{210DDF20-2CEA-4A2C-B2C6-D2EB7938BEB2}.Debug|x86.ActiveCfg = Debug|x86
		{210DDF20-2CEA-4A2C-B2C6-D2EB7938BEB2}.Debug|x86.Build.0 = Debug|x86
		{210DDF20-2CEA-4A2C-B2C6-D2EB7938BEB2}.Release|Any CPU.ActiveCfg = Release|x86
		{210DDF20-2CEA-4A2C-B2C6-D2EB7938BEB2}.Release|Any CPU.Build.0 = Release|x86
		{210DDF20-2CEA-4A2C-B2C6-D2EB7938BEB2}.Release|Mixed Platforms.ActiveCfg = Release|x86
		{210DDF20-2CEA-4A2C-B2C6-D2EB7938BEB2}.Release|Mixed Platforms.Build.0 = Release|x86
		{210DDF20-2CEA-4A2C-B2C6-D2EB7938BEB2}.Release|x86.ActiveCfg = Release|x86
		{210DDF20-2CEA-4A2C-B2C6-D2EB7938BEB2}.Release|x86.Build.0 = Release|x86
		{BB7322AD-75D3-44AF-A0BF-76015C53998F}.Debug|Any CPU.ActiveCfg = Debug|x86
		{BB7322AD-75D3-44AF-A0BF-76015C53998F}.Debug|Any CPU.Build.0 = Debug|x86
		{BB7322AD-75D3-44AF-A0BF-76015C53998F}.Debug|Mixed Platforms.ActiveCfg = Debug|x86
		{BB7322AD-75D3-44AF-A0BF-76015C53998F}.Debug|Mixed Platforms.Build.0 = Debug|x86
		{BB7322AD-75D3-44AF-A0BF-76015C53998F}.Debug|x86.ActiveCfg = Debug|x86
		{BB7322AD-75D3-44AF-A0BF-76015C53998F}.Debug|x86.Build.0 = Debug|x86
		{BB7322AD-75D3-44AF-A0BF-76015C53998F}.Release|Any CPU.ActiveCfg = Release|x86
		{BB7322AD-75D3-44AF-A0BF-76015C53998F}.Release|Any CPU.Build.0 = Release|x86
		{BB7322AD-75D3-44AF-A0BF-76015C53998F}.Release|Mixed Platforms.ActiveCfg = Release|x86
		{BB7322AD-75D3-44AF-A0BF-76015C53998F}.Release|Mixed Platforms.Build.0 = Release|x86
		{BB7322AD-75D3-44AF-A0BF-76015C53998F}.Release|x86.ActiveCfg = Release|x86
		{BB7322AD-75D3-44AF-A0BF-76015C53998F}.Release|x86.Build.0 = Release|x86
		{E8B981CB-2A97-4901-9A04-E6E5D369F471}.Debug|Any CPU.ActiveCfg = Debug|x86
		{E8B981CB-2A97-4901-9A04-E6E5D369F471}.Debug|Any CPU.Build.0 = Debug|x86
		{E8B981CB-2A97-4901-9A04-E6E5D369F471}.Debug|Mixed Platforms.ActiveCfg = Debug|x86
		{E8B981CB-2A97-4901-9A04-E6E5D369F471}.Debug|Mixed Platforms.Build.0 = Debug|x86
		{E8B981CB-2A97-4901-9A04-E6E5D369F471}.Debug|x86.ActiveCfg = Debug|x86
		{E8B981CB-2A97-4901-9A04-E6E5D369F471}.Debug|x86.Build.0 = Debug|x86
		{E8B981CB-2A97-4901-9A04-E6E5D369F471}.Release|Any CPU.ActiveCfg = Release|x86
		{E8B981CB-2A97-4901-9A04-E6E5D369F471}.Release|Any CPU.Build.0 = Release|x86
		{E8B981CB-2A97-4901-9A04-E6E5D369F471}.Release|Mixed Platforms.ActiveCfg = Release|x86
		{E8B981CB-2A97-4901-9A04-E6E5D369F471}.Release|Mixed Platforms.Build.0 = Release|x86
		{E8B981CB-2A97-4901-9A04-E6E5D369F471}.Release|x86.ActiveCfg = Release|x86
		{E8B981CB-2A97-4901-9A04-E6E5D369F471}.Release|x86.Build.0 = Release|x86
		{2176002F-BDE2-491A-9502-110275008F42}.Debug|Any CPU.ActiveCfg = Debug|x86
		{2176002F-BDE2-491A-9502-110275008F42}.Debug|Any CPU.Build.0 = Debug|x86
		{2176002F-BDE2-491A-9502-110275008F42}.Debug|Mixed Platforms.ActiveCfg = Debug|x86
		{2176002F-BDE2-491A-9502-110275008F42}.Debug|Mixed Platforms.Build.0 = Debug|x86
		{2176002F-BDE2-491A-9502-110275008F42}.Debug|x86.ActiveCfg = Debug|x86
		{2176002F-BDE2-491A-9502-110275008F42}.Debug|x86.Build.0 = Debug|x86
		{2176002F-BDE2-491A-9502-110275008F42}.Release|Any CPU.ActiveCfg = Release|x86
		{2176002F-BDE2-491A-9502-110275008F42}.Release|Any CPU.Build.0 = Release|x86
		{2176002F-BDE2-491A-9502-110275008F42}.Release|Mixed Platforms.ActiveCfg = Release|x86
		{2176002F-BDE2-491A-9502-110275008F42}.Release|Mixed Platforms.Build.0 = Release|x86
		{2176002F-BDE2-491A-9502-110275008F42}.Release|x86.ActiveCfg = Release|x86
		{2176002F-BDE2-491A-9502-110275008F42}.Release|x86.Build.0 = Release|x86
		{4AB43571-545C-4F80-AFF1-F6E43DE31F47}.Debug|Any CPU.ActiveCfg = Debug|x86
		{4AB43571-545C-4F80-AFF1-F6E43DE31F47}.Debug|Any CPU.Build.0 = Debug|x86
		{4AB43571-545C-4F80-AFF1-F6E43DE31F47}.Debug|Mixed Platforms.ActiveCfg = Debug|x86
		{4AB43571-545C-4F80-AFF1-F6E43DE31F47}.Debug|Mixed Platforms.Build.0 = Debug|x86
		{4AB43571-545C-4F80-AFF1-F6E43DE31F47}.Debug|x86.ActiveCfg = Debug|x86
		{4AB43571-545C-4F80-AFF1-F6E43DE31F47}.Debug|x86.Build.0 = Debug|x86
		{4AB43571-545C-4F80-AFF1-F6E43DE31F47}.Release|Any CPU.ActiveCfg = Release|x86
		{4AB43571-545C-4F80-AFF1-F6E43DE31F47}.Release|Any CPU.Build.0 = Release|x86
		{4AB43571-545C-4F80-AFF1-F6E43DE31F47}.Release|Mixed Platforms.ActiveCfg = Release|x86
		{4AB43571-545C-4F80-AFF1-F6E43DE31F47}.Release|Mixed Platforms.Build.0 = Release|x86
		{4AB43571-545C-4F80-AFF1-F6E43DE31F47}.Release|x86.ActiveCfg = Release|x86
		{4AB43571-545C-4F80-AFF1-F6E43DE31F47}.Release|x86.Build.0 = Release|x86
		{63CE41D1-0632-461C-9C53-BF60F2493D58}.Debug|Any CPU.ActiveCfg = Debug|x86
		{63CE41D1-0632-461C-9C53-BF60F2493D58}.Debug|Any CPU.Build.0 = Debug|x86
		{63CE41D1-0632-461C-9C53-BF60F2493D58}.Debug|Mixed Platforms.ActiveCfg = Debug|x86
		{63CE41D1-0632-461C-9C53-BF60F2493D58}.Debug|Mixed Platforms.Build.0 = Debug|x86
		{63CE41D1-0632-461C-9C53-BF60F2493D58}.Debug|x86.ActiveCfg = Debug|x86
		{63CE41D1-0632-461C-9C53-BF60F2493D58}.Debug|x86.Build.0 = Debug|x86
		{63CE41D1-0632-461C-9C53-BF60F2493D58}.Release|Any CPU.ActiveCfg = Release|x86
		{63CE41D1-0632-461C-9C53-BF60F2493D58}.Release|Any CPU.Build.0 = Release|x86
		{63CE41D1-0632-461C-9C53-BF60F2493D58}.Release|Mixed Platforms.ActiveCfg = Release|x86
		{63CE41D1-0632-461C-9C53-BF60F2493D58}.Release|Mixed Platforms.Build.0 = Release|x86
		{63CE41D1-0632-461C-9C53-BF60F2493D58}.Release|x86.ActiveCfg = Release|x86
		{63CE41D1-0632-461C-9C53-BF60F2493D58}.Release|x86.Build.0 = Release|x86
		{68485EC9-CC36-4C05-A50C-EAED8C8D0C6E}.Debug|Any CPU.ActiveCfg = Debug|Any CPU
		{68485EC9-CC36-4C05-A50C-EAED8C8D0C6E}.Debug|Any CPU.Build.0 = Debug|Any CPU
		{68485EC9-CC36-4C05-A50C-EAED8C8D0C6E}.Debug|Mixed Platforms.ActiveCfg = Debug|Any CPU
		{68485EC9-CC36-4C05-A50C-EAED8C8D0C6E}.Debug|Mixed Platforms.Build.0 = Debug|Any CPU
		{68485EC9-CC36-4C05-A50C-EAED8C8D0C6E}.Debug|x86.ActiveCfg = Debug|Any CPU
		{68485EC9-CC36-4C05-A50C-EAED8C8D0C6E}.Release|Any CPU.ActiveCfg = Release|Any CPU
		{68485EC9-CC36-4C05-A50C-EAED8C8D0C6E}.Release|Any CPU.Build.0 = Release|Any CPU
		{68485EC9-CC36-4C05-A50C-EAED8C8D0C6E}.Release|Mixed Platforms.ActiveCfg = Release|Any CPU
		{68485EC9-CC36-4C05-A50C-EAED8C8D0C6E}.Release|Mixed Platforms.Build.0 = Release|Any CPU
		{68485EC9-CC36-4C05-A50C-EAED8C8D0C6E}.Release|x86.ActiveCfg = Release|Any CPU
	EndGlobalSection
	GlobalSection(SolutionProperties) = preSolution
		HideSolutionNode = FALSE
	EndGlobalSection
EndGlobal
